// !$*UTF8*$!
{
	archiveVersion = 1;
	classes = {
	};
	objectVersion = 56;
	objects = {

/* Begin PBXBuildFile section */
		3DE8263929B280BD00E6A10D /* ChatGPTExampleApp.swift in Sources */ = {isa = PBXBuildFile; fileRef = 3DE8263829B280BD00E6A10D /* ChatGPTExampleApp.swift */; };
		3DE8263B29B280BD00E6A10D /* ContentView.swift in Sources */ = {isa = PBXBuildFile; fileRef = 3DE8263A29B280BD00E6A10D /* ContentView.swift */; };
		3DE8263D29B280C000E6A10D /* Assets.xcassets in Resources */ = {isa = PBXBuildFile; fileRef = 3DE8263C29B280C000E6A10D /* Assets.xcassets */; };
		3DE8264029B280C000E6A10D /* Preview Assets.xcassets in Resources */ = {isa = PBXBuildFile; fileRef = 3DE8263F29B280C000E6A10D /* Preview Assets.xcassets */; };
		3DE8264829B280DD00E6A10D /* OpenAISwift in Frameworks */ = {isa = PBXBuildFile; productRef = 3DE8264729B280DD00E6A10D /* OpenAISwift */; };
		3DE8264B29B280F000E6A10D /* Constants.swift in Sources */ = {isa = PBXBuildFile; fileRef = 3DE8264A29B280F000E6A10D /* Constants.swift */; };
		3DE8264E29B2813500E6A10D /* ChatGPT.swift in Sources */ = {isa = PBXBuildFile; fileRef = 3DE8264D29B2813500E6A10D /* ChatGPT.swift */; };
/* End PBXBuildFile section */

/* Begin PBXFileReference section */
		3DE8263529B280BD00E6A10D /* ChatGPTExample.app */ = {isa = PBXFileReference; explicitFileType = wrapper.application; includeInIndex = 0; path = ChatGPTExample.app; sourceTree = BUILT_PRODUCTS_DIR; };
		3DE8263829B280BD00E6A10D /* ChatGPTExampleApp.swift */ = {isa = PBXFileReference; lastKnownFileType = sourcecode.swift; path = ChatGPTExampleApp.swift; sourceTree = "<group>"; };
		3DE8263A29B280BD00E6A10D /* ContentView.swift */ = {isa = PBXFileReference; lastKnownFileType = sourcecode.swift; path = ContentView.swift; sourceTree = "<group>"; };
		3DE8263C29B280C000E6A10D /* Assets.xcassets */ = {isa = PBXFileReference; lastKnownFileType = folder.assetcatalog; path = Assets.xcassets; sourceTree = "<group>"; };
		3DE8263F29B280C000E6A10D /* Preview Assets.xcassets */ = {isa = PBXFileReference; lastKnownFileType = folder.assetcatalog; path = "Preview Assets.xcassets"; sourceTree = "<group>"; };
		3DE8264A29B280F000E6A10D /* Constants.swift */ = {isa = PBXFileReference; lastKnownFileType = sourcecode.swift; path = Constants.swift; sourceTree = "<group>"; };
		3DE8264D29B2813500E6A10D /* ChatGPT.swift */ = {isa = PBXFileReference; lastKnownFileType = sourcecode.swift; path = ChatGPT.swift; sourceTree = "<group>"; };
/* End PBXFileReference section */

/* Begin PBXFrameworksBuildPhase section */
		3DE8263229B280BD00E6A10D /* Frameworks */ = {
			isa = PBXFrameworksBuildPhase;
			buildActionMask = 2147483647;
			files = (
				3DE8264829B280DD00E6A10D /* OpenAISwift in Frameworks */,
			);
			runOnlyForDeploymentPostprocessing = 0;
		};
/* End PBXFrameworksBuildPhase section */

/* Begin PBXGroup section */
		3DE8262C29B280BD00E6A10D = {
			isa = PBXGroup;
			children = (
				3DE8263729B280BD00E6A10D /* ChatGPTExample */,
				3DE8263629B280BD00E6A10D /* Products */,
			);
			sourceTree = "<group>";
		};
		3DE8263629B280BD00E6A10D /* Products */ = {
			isa = PBXGroup;
			children = (
				3DE8263529B280BD00E6A10D /* ChatGPTExample.app */,
			);
			name = Products;
			sourceTree = "<group>";
		};
		3DE8263729B280BD00E6A10D /* ChatGPTExample */ = {
			isa = PBXGroup;
			children = (
				3DE8264F29B2829600E6A10D /* View */,
				3DE8264C29B2812600E6A10D /* Client */,
				3DE8264929B280E300E6A10D /* Utils */,
				3DE8263829B280BD00E6A10D /* ChatGPTExampleApp.swift */,
				3DE8263C29B280C000E6A10D /* Assets.xcassets */,
				3DE8263E29B280C000E6A10D /* Preview Content */,
			);
			path = ChatGPTExample;
			sourceTree = "<group>";
		};
		3DE8263E29B280C000E6A10D /* Preview Content */ = {
			isa = PBXGroup;
			children = (
				3DE8263F29B280C000E6A10D /* Preview Assets.xcassets */,
			);
			path = "Preview Content";
			sourceTree = "<group>";
		};
		3DE8264929B280E300E6A10D /* Utils */ = {
			isa = PBXGroup;
			children = (
				3DE8264A29B280F000E6A10D /* Constants.swift */,
			);
			path = Utils;
			sourceTree = "<group>";
		};
		3DE8264C29B2812600E6A10D /* Client */ = {
			isa = PBXGroup;
			children = (
				3DE8264D29B2813500E6A10D /* ChatGPT.swift */,
			);
			path = Client;
			sourceTree = "<group>";
		};
		3DE8264F29B2829600E6A10D /* View */ = {
			isa = PBXGroup;
			children = (
				3DE8263A29B280BD00E6A10D /* ContentView.swift */,
			);
			path = View;
			sourceTree = "<group>";
		};
/* End PBXGroup section */

/* Begin PBXNativeTarget section */
		3DE8263429B280BD00E6A10D /* ChatGPTExample */ = {
			isa = PBXNativeTarget;
			buildConfigurationList = 3DE8264329B280C000E6A10D /* Build configuration list for PBXNativeTarget "ChatGPTExample" */;
			buildPhases = (
				3DE8263129B280BD00E6A10D /* Sources */,
				3DE8263229B280BD00E6A10D /* Frameworks */,
				3DE8263329B280BD00E6A10D /* Resources */,
			);
			buildRules = (
			);
			dependencies = (
			);
			name = ChatGPTExample;
			packageProductDependencies = (
				3DE8264729B280DD00E6A10D /* OpenAISwift */,
			);
			productName = ChatGPTExample;
			productReference = 3DE8263529B280BD00E6A10D /* ChatGPTExample.app */;
			productType = "com.apple.product-type.application";
		};
/* End PBXNativeTarget section */

/* Begin PBXProject section */
		3DE8262D29B280BD00E6A10D /* Project object */ = {
			isa = PBXProject;
			attributes = {
				BuildIndependentTargetsInParallel = 1;
				LastSwiftUpdateCheck = 1400;
				LastUpgradeCheck = 1400;
				TargetAttributes = {
					3DE8263429B280BD00E6A10D = {
						CreatedOnToolsVersion = 14.0.1;
					};
				};
			};
			buildConfigurationList = 3DE8263029B280BD00E6A10D /* Build configuration list for PBXProject "ChatGPTExample" */;
			compatibilityVersion = "Xcode 14.0";
			developmentRegion = en;
			hasScannedForEncodings = 0;
			knownRegions = (
				en,
				Base,
			);
			mainGroup = 3DE8262C29B280BD00E6A10D;
			packageReferences = (
				3DE8264629B280DD00E6A10D /* XCRemoteSwiftPackageReference "OpenAISwift" */,
			);
			productRefGroup = 3DE8263629B280BD00E6A10D /* Products */;
			projectDirPath = "";
			projectRoot = "";
			targets = (
				3DE8263429B280BD00E6A10D /* ChatGPTExample */,
			);
		};
/* End PBXProject section */

/* Begin PBXResourcesBuildPhase section */
		3DE8263329B280BD00E6A10D /* Resources */ = {
			isa = PBXResourcesBuildPhase;
			buildActionMask = 2147483647;
			files = (
				3DE8264029B280C000E6A10D /* Preview Assets.xcassets in Resources */,
				3DE8263D29B280C000E6A10D /* Assets.xcassets in Resources */,
			);
			runOnlyForDeploymentPostprocessing = 0;
		};
/* End PBXResourcesBuildPhase section */

/* Begin PBXSourcesBuildPhase section */
		3DE8263129B280BD00E6A10D /* Sources */ = {
			isa = PBXSourcesBuildPhase;
			buildActionMask = 2147483647;
			files = (
				3DE8263B29B280BD00E6A10D /* ContentView.swift in Sources */,
				3DE8263929B280BD00E6A10D /* ChatGPTExampleApp.swift in Sources */,
				3DE8264B29B280F000E6A10D /* Constants.swift in Sources */,
				3DE8264E29B2813500E6A10D /* ChatGPT.swift in Sources */,
			);
			runOnlyForDeploymentPostprocessing = 0;
		};
/* End PBXSourcesBuildPhase section */

/* Begin XCBuildConfiguration section */
		3DE8264129B280C000E6A10D /* Debug */ = {
			isa = XCBuildConfiguration;
			buildSettings = {
				ALWAYS_SEARCH_USER_PATHS = NO;
				CLANG_ANALYZER_NONNULL = YES;
				CLANG_ANALYZER_NUMBER_OBJECT_CONVERSION = YES_AGGRESSIVE;
				CLANG_CXX_LANGUAGE_STANDARD = "gnu++20";
				CLANG_ENABLE_MODULES = YES;
				CLANG_ENABLE_OBJC_ARC = YES;
				CLANG_ENABLE_OBJC_WEAK = YES;
				CLANG_WARN_BLOCK_CAPTURE_AUTORELEASING = YES;
				CLANG_WARN_BOOL_CONVERSION = YES;
				CLANG_WARN_COMMA = YES;
				CLANG_WARN_CONSTANT_CONVERSION = YES;
				CLANG_WARN_DEPRECATED_OBJC_IMPLEMENTATIONS = YES;
				CLANG_WARN_DIRECT_OBJC_ISA_USAGE = YES_ERROR;
				CLANG_WARN_DOCUMENTATION_COMMENTS = YES;
				CLANG_WARN_EMPTY_BODY = YES;
				CLANG_WARN_ENUM_CONVERSION = YES;
				CLANG_WARN_INFINITE_RECURSION = YES;
				CLANG_WARN_INT_CONVERSION = YES;
				CLANG_WARN_NON_LITERAL_NULL_CONVERSION = YES;
				CLANG_WARN_OBJC_IMPLICIT_RETAIN_SELF = YES;
				CLANG_WARN_OBJC_LITERAL_CONVERSION = YES;
				CLANG_WARN_OBJC_ROOT_CLASS = YES_ERROR;
				CLANG_WARN_QUOTED_INCLUDE_IN_FRAMEWORK_HEADER = YES;
				CLANG_WARN_RANGE_LOOP_ANALYSIS = YES;
				CLANG_WARN_STRICT_PROTOTYPES = YES;
				CLANG_WARN_SUSPICIOUS_MOVE = YES;
				CLANG_WARN_UNGUARDED_AVAILABILITY = YES_AGGRESSIVE;
				CLANG_WARN_UNREACHABLE_CODE = YES;
				CLANG_WARN__DUPLICATE_METHOD_MATCH = YES;
				COPY_PHASE_STRIP = NO;
				DEBUG_INFORMATION_FORMAT = dwarf;
				ENABLE_STRICT_OBJC_MSGSEND = YES;
				ENABLE_TESTABILITY = YES;
				GCC_C_LANGUAGE_STANDARD = gnu11;
				GCC_DYNAMIC_NO_PIC = NO;
				GCC_NO_COMMON_BLOCKS = YES;
				GCC_OPTIMIZATION_LEVEL = 0;
				GCC_PREPROCESSOR_DEFINITIONS = (
					"DEBUG=1",
					"$(inherited)",
				);
				GCC_WARN_64_TO_32_BIT_CONVERSION = YES;
				GCC_WARN_ABOUT_RETURN_TYPE = YES_ERROR;
				GCC_WARN_UNDECLARED_SELECTOR = YES;
				GCC_WARN_UNINITIALIZED_AUTOS = YES_AGGRESSIVE;
				GCC_WARN_UNUSED_FUNCTION = YES;
				GCC_WARN_UNUSED_VARIABLE = YES;
				IPHONEOS_DEPLOYMENT_TARGET = 16.0;
				MTL_ENABLE_DEBUG_INFO = INCLUDE_SOURCE;
				MTL_FAST_MATH = YES;
				ONLY_ACTIVE_ARCH = YES;
				SDKROOT = iphoneos;
				SWIFT_ACTIVE_COMPILATION_CONDITIONS = DEBUG;
				SWIFT_OPTIMIZATION_LEVEL = "-Onone";
			};
			name = Debug;
		};
		3DE8264229B280C000E6A10D /* Release */ = {
			isa = XCBuildConfiguration;
			buildSettings = {
				ALWAYS_SEARCH_USER_PATHS = NO;
				CLANG_ANALYZER_NONNULL = YES;
				CLANG_ANALYZER_NUMBER_OBJECT_CONVERSION = YES_AGGRESSIVE;
				CLANG_CXX_LANGUAGE_STANDARD = "gnu++20";
				CLANG_ENABLE_MODULES = YES;
				CLANG_ENABLE_OBJC_ARC = YES;
				CLANG_ENABLE_OBJC_WEAK = YES;
				CLANG_WARN_BLOCK_CAPTURE_AUTORELEASING = YES;
				CLANG_WARN_BOOL_CONVERSION = YES;
				CLANG_WARN_COMMA = YES;
				CLANG_WARN_CONSTANT_CONVERSION = YES;
				CLANG_WARN_DEPRECATED_OBJC_IMPLEMENTATIONS = YES;
				CLANG_WARN_DIRECT_OBJC_ISA_USAGE = YES_ERROR;
				CLANG_WARN_DOCUMENTATION_COMMENTS = YES;
				CLANG_WARN_EMPTY_BODY = YES;
				CLANG_WARN_ENUM_CONVERSION = YES;
				CLANG_WARN_INFINITE_RECURSION = YES;
				CLANG_WARN_INT_CONVERSION = YES;
				CLANG_WARN_NON_LITERAL_NULL_CONVERSION = YES;
				CLANG_WARN_OBJC_IMPLICIT_RETAIN_SELF = YES;
				CLANG_WARN_OBJC_LITERAL_CONVERSION = YES;
				CLANG_WARN_OBJC_ROOT_CLASS = YES_ERROR;
				CLANG_WARN_QUOTED_INCLUDE_IN_FRAMEWORK_HEADER = YES;
				CLANG_WARN_RANGE_LOOP_ANALYSIS = YES;
				CLANG_WARN_STRICT_PROTOTYPES = YES;
				CLANG_WARN_SUSPICIOUS_MOVE = YES;
				CLANG_WARN_UNGUARDED_AVAILABILITY = YES_AGGRESSIVE;
				CLANG_WARN_UNREACHABLE_CODE = YES;
				CLANG_WARN__DUPLICATE_METHOD_MATCH = YES;
				COPY_PHASE_STRIP = NO;
				DEBUG_INFORMATION_FORMAT = "dwarf-with-dsym";
				ENABLE_NS_ASSERTIONS = NO;
				ENABLE_STRICT_OBJC_MSGSEND = YES;
				GCC_C_LANGUAGE_STANDARD = gnu11;
				GCC_NO_COMMON_BLOCKS = YES;
				GCC_WARN_64_TO_32_BIT_CONVERSION = YES;
				GCC_WARN_ABOUT_RETURN_TYPE = YES_ERROR;
				GCC_WARN_UNDECLARED_SELECTOR = YES;
				GCC_WARN_UNINITIALIZED_AUTOS = YES_AGGRESSIVE;
				GCC_WARN_UNUSED_FUNCTION = YES;
				GCC_WARN_UNUSED_VARIABLE = YES;
				IPHONEOS_DEPLOYMENT_TARGET = 16.0;
				MTL_ENABLE_DEBUG_INFO = NO;
				MTL_FAST_MATH = YES;
				SDKROOT = iphoneos;
				SWIFT_COMPILATION_MODE = wholemodule;
				SWIFT_OPTIMIZATION_LEVEL = "-O";
				VALIDATE_PRODUCT = YES;
			};
			name = Release;
		};
		3DE8264429B280C000E6A10D /* Debug */ = {
			isa = XCBuildConfiguration;
			buildSettings = {
				ASSETCATALOG_COMPILER_APPICON_NAME = AppIcon;
				ASSETCATALOG_COMPILER_GLOBAL_ACCENT_COLOR_NAME = AccentColor;
				CODE_SIGN_STYLE = Automatic;
				CURRENT_PROJECT_VERSION = 1;
				DEVELOPMENT_ASSET_PATHS = "\"ChatGPTExample/Preview Content\"";
				ENABLE_PREVIEWS = YES;
				GENERATE_INFOPLIST_FILE = YES;
				INFOPLIST_KEY_UIApplicationSceneManifest_Generation = YES;
				INFOPLIST_KEY_UIApplicationSupportsIndirectInputEvents = YES;
				INFOPLIST_KEY_UILaunchScreen_Generation = YES;
				INFOPLIST_KEY_UISupportedInterfaceOrientations_iPad = "UIInterfaceOrientationPortrait UIInterfaceOrientationPortraitUpsideDown UIInterfaceOrientationLandscapeLeft UIInterfaceOrientationLandscapeRight";
				INFOPLIST_KEY_UISupportedInterfaceOrientations_iPhone = "UIInterfaceOrientationPortrait UIInterfaceOrientationLandscapeLeft UIInterfaceOrientationLandscapeRight";
				LD_RUNPATH_SEARCH_PATHS = (
					"$(inherited)",
					"@executable_path/Frameworks",
				);
				MARKETING_VERSION = 1.0;
				PRODUCT_BUNDLE_IDENTIFIER = com.example.ChatGPTExample;
				PRODUCT_NAME = "$(TARGET_NAME)";
				SWIFT_EMIT_LOC_STRINGS = YES;
				SWIFT_VERSION = 5.0;
				TARGETED_DEVICE_FAMILY = "1,2";
			};
			name = Debug;
		};
		3DE8264529B280C000E6A10D /* Release */ = {
			isa = XCBuildConfiguration;
			buildSettings = {
				ASSETCATALOG_COMPILER_APPICON_NAME = AppIcon;
				ASSETCATALOG_COMPILER_GLOBAL_ACCENT_COLOR_NAME = AccentColor;
				CODE_SIGN_STYLE = Automatic;
				CURRENT_PROJECT_VERSION = 1;
				DEVELOPMENT_ASSET_PATHS = "\"ChatGPTExample/Preview Content\"";
				ENABLE_PREVIEWS = YES;
				GENERATE_INFOPLIST_FILE = YES;
				INFOPLIST_KEY_UIApplicationSceneManifest_Generation = YES;
				INFOPLIST_KEY_UIApplicationSupportsIndirectInputEvents = YES;
				INFOPLIST_KEY_UILaunchScreen_Generation = YES;
				INFOPLIST_KEY_UISupportedInterfaceOrientations_iPad = "UIInterfaceOrientationPortrait UIInterfaceOrientationPortraitUpsideDown UIInterfaceOrientationLandscapeLeft UIInterfaceOrientationLandscapeRight";
				INFOPLIST_KEY_UISupportedInterfaceOrientations_iPhone = "UIInterfaceOrientationPortrait UIInterfaceOrientationLandscapeLeft UIInterfaceOrientationLandscapeRight";
				LD_RUNPATH_SEARCH_PATHS = (
					"$(inherited)",
					"@executable_path/Frameworks",
				);
				MARKETING_VERSION = 1.0;
				PRODUCT_BUNDLE_IDENTIFIER = com.example.ChatGPTExample;
				PRODUCT_NAME = "$(TARGET_NAME)";
				SWIFT_EMIT_LOC_STRINGS = YES;
				SWIFT_VERSION = 5.0;
				TARGETED_DEVICE_FAMILY = "1,2";
			};
			name = Release;
		};
/* End XCBuildConfiguration section */

/* Begin XCConfigurationList section */
		3DE8263029B280BD00E6A10D /* Build configuration list for PBXProject "ChatGPTExample" */ = {
			isa = XCConfigurationList;
			buildConfigurations = (
				3DE8264129B280C000E6A10D /* Debug */,
				3DE8264229B280C000E6A10D /* Release */,
			);
			defaultConfigurationIsVisible = 0;
			defaultConfigurationName = Release;
		};
		3DE8264329B280C000E6A10D /* Build configuration list for PBXNativeTarget "ChatGPTExample" */ = {
			isa = XCConfigurationList;
			buildConfigurations = (
				3DE8264429B280C000E6A10D /* Debug */,
				3DE8264529B280C000E6A10D /* Release */,
			);
			defaultConfigurationIsVisible = 0;
			defaultConfigurationName = Release;
		};
/* End XCConfigurationList section */

/* Begin XCRemoteSwiftPackageReference section */
		3DE8264629B280DD00E6A10D /* XCRemoteSwiftPackageReference "OpenAISwift" */ = {
			isa = XCRemoteSwiftPackageReference;
			repositoryURL = "https://github.com/adamrushy/OpenAISwift";
			requirement = {
				branch = main;
				kind = branch;
			};
		};
/* End XCRemoteSwiftPackageReference section */

/* Begin XCSwiftPackageProductDependency section */
		3DE8264729B280DD00E6A10D /* OpenAISwift */ = {
			isa = XCSwiftPackageProductDependency;
			package = 3DE8264629B280DD00E6A10D /* XCRemoteSwiftPackageReference "OpenAISwift" */;
			productName = OpenAISwift;
		};
/* End XCSwiftPackageProductDependency section */
	};
	rootObject = 3DE8262D29B280BD00E6A10D /* Project object */;
}
